
Microsoft Visual Studio Solution File, Format Version 12.00
# Visual Studio 15
VisualStudioVersion = 15.0.28010.2003
MinimumVisualStudioVersion = 10.0.40219.1
Project("{FAE04EC0-301F-11D3-BF4B-00C04F79EFBC}") = "RestAPICore.API", "RestAPICore.API\RestAPICore.API.csproj", "{1CD1E58B-57F3-475C-9089-EBE6262C7239}"
EndProject
Global
	GlobalSection(SolutionConfigurationPlatforms) = preSolution
		Debug|Any CPU = Debug|Any CPU
		Release|Any CPU = Release|Any CPU
	EndGlobalSection
	GlobalSection(ProjectConfigurationPlatforms) = postSolution
		{1CD1E58B-57F3-475C-9089-EBE6262C7239}.Debug|Any CPU.ActiveCfg = Debug|Any CPU
		{1CD1E58B-57F3-475C-9089-EBE6262C7239}.Debug|Any CPU.Build.0 = Debug|Any CPU
		{1CD1E58B-57F3-475C-9089-EBE6262C7239}.Release|Any CPU.ActiveCfg = Release|Any CPU
		{1CD1E58B-57F3-475C-9089-EBE6262C7239}.Release|Any CPU.Build.0 = Release|Any CPU
	EndGlobalSection
	GlobalSection(SolutionProperties) = preSolution
		HideSolutionNode = FALSE
	EndGlobalSection
	GlobalSection(ExtensibilityGlobals) = postSolution
		SolutionGuid = {0BEC4AF2-CAE8-4226-9997-969825F7D432}
	EndGlobalSection
EndGlobal
